{
    "name": "ascensores",
    "version": "1.0.0",
    "lockfileVersion": 3,
    "requires": true,
    "packages": {
        "": {
            "name": "ascensores",
            "version": "1.0.0",
            "license": "MIT",
            "dependencies": {
                "ascensores": "file:"
            }
        },
        "node_modules/ascensores": {
            "resolved": "",
            "link": true
        }
    }
}
